// !$*UTF8*$!
{
	archiveVersion = 1;
	classes = {
	};
	objectVersion = 50;
	objects = {

/* Begin PBXBuildFile section */
		782FED8426B5293E0072F193 /* AppDelegate.swift in Sources */ = {isa = PBXBuildFile; fileRef = 782FED8326B5293E0072F193 /* AppDelegate.swift */; };
		782FED8626B5293E0072F193 /* SceneDelegate.swift in Sources */ = {isa = PBXBuildFile; fileRef = 782FED8526B5293E0072F193 /* SceneDelegate.swift */; };
		782FED8826B5293E0072F193 /* ViewController.swift in Sources */ = {isa = PBXBuildFile; fileRef = 782FED8726B5293E0072F193 /* ViewController.swift */; };
		782FED8B26B5293E0072F193 /* Main.storyboard in Resources */ = {isa = PBXBuildFile; fileRef = 782FED8926B5293E0072F193 /* Main.storyboard */; };
		782FED8E26B5293E0072F193 /* CopperTest.xcdatamodeld in Sources */ = {isa = PBXBuildFile; fileRef = 782FED8C26B5293E0072F193 /* CopperTest.xcdatamodeld */; };
		782FED9026B5293F0072F193 /* Assets.xcassets in Resources */ = {isa = PBXBuildFile; fileRef = 782FED8F26B5293F0072F193 /* Assets.xcassets */; };
		782FED9326B5293F0072F193 /* LaunchScreen.storyboard in Resources */ = {isa = PBXBuildFile; fileRef = 782FED9126B5293F0072F193 /* LaunchScreen.storyboard */; };
		782FED9E26B529400072F193 /* CopperTestTests.swift in Sources */ = {isa = PBXBuildFile; fileRef = 782FED9D26B529400072F193 /* CopperTestTests.swift */; };
		782FEDA926B529400072F193 /* CopperTestUITests.swift in Sources */ = {isa = PBXBuildFile; fileRef = 782FEDA826B529400072F193 /* CopperTestUITests.swift */; };
/* End PBXBuildFile section */

/* Begin PBXContainerItemProxy section */
		782FED9A26B529400072F193 /* PBXContainerItemProxy */ = {
			isa = PBXContainerItemProxy;
			containerPortal = 782FED7826B5293E0072F193 /* Project object */;
			proxyType = 1;
			remoteGlobalIDString = 782FED7F26B5293E0072F193;
			remoteInfo = CopperTest;
		};
		782FEDA526B529400072F193 /* PBXContainerItemProxy */ = {
			isa = PBXContainerItemProxy;
			containerPortal = 782FED7826B5293E0072F193 /* Project object */;
			proxyType = 1;
			remoteGlobalIDString = 782FED7F26B5293E0072F193;
			remoteInfo = CopperTest;
		};
/* End PBXContainerItemProxy section */

/* Begin PBXFileReference section */
		782FED8026B5293E0072F193 /* CopperTest.app */ = {isa = PBXFileReference; explicitFileType = wrapper.application; includeInIndex = 0; path = CopperTest.app; sourceTree = BUILT_PRODUCTS_DIR; };
		782FED8326B5293E0072F193 /* AppDelegate.swift */ = {isa = PBXFileReference; lastKnownFileType = sourcecode.swift; path = AppDelegate.swift; sourceTree = "<group>"; };
		782FED8526B5293E0072F193 /* SceneDelegate.swift */ = {isa = PBXFileReference; lastKnownFileType = sourcecode.swift; path = SceneDelegate.swift; sourceTree = "<group>"; };
		782FED8726B5293E0072F193 /* ViewController.swift */ = {isa = PBXFileReference; lastKnownFileType = sourcecode.swift; path = ViewController.swift; sourceTree = "<group>"; };
		782FED8A26B5293E0072F193 /* Base */ = {isa = PBXFileReference; lastKnownFileType = file.storyboard; name = Base; path = Base.lproj/Main.storyboard; sourceTree = "<group>"; };
		782FED8D26B5293E0072F193 /* CopperTest.xcdatamodel */ = {isa = PBXFileReference; lastKnownFileType = wrapper.xcdatamodel; path = CopperTest.xcdatamodel; sourceTree = "<group>"; };
		782FED8F26B5293F0072F193 /* Assets.xcassets */ = {isa = PBXFileReference; lastKnownFileType = folder.assetcatalog; path = Assets.xcassets; sourceTree = "<group>"; };
		782FED9226B5293F0072F193 /* Base */ = {isa = PBXFileReference; lastKnownFileType = file.storyboard; name = Base; path = Base.lproj/LaunchScreen.storyboard; sourceTree = "<group>"; };
		782FED9426B5293F0072F193 /* Info.plist */ = {isa = PBXFileReference; lastKnownFileType = text.plist.xml; path = Info.plist; sourceTree = "<group>"; };
		782FED9926B529400072F193 /* CopperTestTests.xctest */ = {isa = PBXFileReference; explicitFileType = wrapper.cfbundle; includeInIndex = 0; path = CopperTestTests.xctest; sourceTree = BUILT_PRODUCTS_DIR; };
		782FED9D26B529400072F193 /* CopperTestTests.swift */ = {isa = PBXFileReference; lastKnownFileType = sourcecode.swift; path = CopperTestTests.swift; sourceTree = "<group>"; };
		782FED9F26B529400072F193 /* Info.plist */ = {isa = PBXFileReference; lastKnownFileType = text.plist.xml; path = Info.plist; sourceTree = "<group>"; };
		782FEDA426B529400072F193 /* CopperTestUITests.xctest */ = {isa = PBXFileReference; explicitFileType = wrapper.cfbundle; includeInIndex = 0; path = CopperTestUITests.xctest; sourceTree = BUILT_PRODUCTS_DIR; };
		782FEDA826B529400072F193 /* CopperTestUITests.swift */ = {isa = PBXFileReference; lastKnownFileType = sourcecode.swift; path = CopperTestUITests.swift; sourceTree = "<group>"; };
		782FEDAA26B529400072F193 /* Info.plist */ = {isa = PBXFileReference; lastKnownFileType = text.plist.xml; path = Info.plist; sourceTree = "<group>"; };
/* End PBXFileReference section */

/* Begin PBXFrameworksBuildPhase section */
		782FED7D26B5293E0072F193 /* Frameworks */ = {
			isa = PBXFrameworksBuildPhase;
			buildActionMask = 2147483647;
			files = (
			);
			runOnlyForDeploymentPostprocessing = 0;
		};
		782FED9626B529400072F193 /* Frameworks */ = {
			isa = PBXFrameworksBuildPhase;
			buildActionMask = 2147483647;
			files = (
			);
			runOnlyForDeploymentPostprocessing = 0;
		};
		782FEDA126B529400072F193 /* Frameworks */ = {
			isa = PBXFrameworksBuildPhase;
			buildActionMask = 2147483647;
			files = (
			);
			runOnlyForDeploymentPostprocessing = 0;
		};
/* End PBXFrameworksBuildPhase section */

/* Begin PBXGroup section */
		782FED7726B5293E0072F193 = {
			isa = PBXGroup;
			children = (
				782FED8226B5293E0072F193 /* CopperTest */,
				782FED9C26B529400072F193 /* CopperTestTests */,
				782FEDA726B529400072F193 /* CopperTestUITests */,
				782FED8126B5293E0072F193 /* Products */,
			);
			sourceTree = "<group>";
		};
		782FED8126B5293E0072F193 /* Products */ = {
			isa = PBXGroup;
			children = (
				782FED8026B5293E0072F193 /* CopperTest.app */,
				782FED9926B529400072F193 /* CopperTestTests.xctest */,
				782FEDA426B529400072F193 /* CopperTestUITests.xctest */,
			);
			name = Products;
			sourceTree = "<group>";
		};
		782FED8226B5293E0072F193 /* CopperTest */ = {
			isa = PBXGroup;
			children = (
				782FED8326B5293E0072F193 /* AppDelegate.swift */,
				782FED8526B5293E0072F193 /* SceneDelegate.swift */,
				782FED8726B5293E0072F193 /* ViewController.swift */,
				782FED8926B5293E0072F193 /* Main.storyboard */,
				782FED8F26B5293F0072F193 /* Assets.xcassets */,
				782FED9126B5293F0072F193 /* LaunchScreen.storyboard */,
				782FED9426B5293F0072F193 /* Info.plist */,
				782FED8C26B5293E0072F193 /* CopperTest.xcdatamodeld */,
			);
			path = CopperTest;
			sourceTree = "<group>";
		};
		782FED9C26B529400072F193 /* CopperTestTests */ = {
			isa = PBXGroup;
			children = (
				782FED9D26B529400072F193 /* CopperTestTests.swift */,
				782FED9F26B529400072F193 /* Info.plist */,
			);
			path = CopperTestTests;
			sourceTree = "<group>";
		};
		782FEDA726B529400072F193 /* CopperTestUITests */ = {
			isa = PBXGroup;
			children = (
				782FEDA826B529400072F193 /* CopperTestUITests.swift */,
				782FEDAA26B529400072F193 /* Info.plist */,
			);
			path = CopperTestUITests;
			sourceTree = "<group>";
		};
/* End PBXGroup section */

/* Begin PBXNativeTarget section */
		782FED7F26B5293E0072F193 /* CopperTest */ = {
			isa = PBXNativeTarget;
			buildConfigurationList = 782FEDAD26B529400072F193 /* Build configuration list for PBXNativeTarget "CopperTest" */;
			buildPhases = (
				782FED7C26B5293E0072F193 /* Sources */,
				782FED7D26B5293E0072F193 /* Frameworks */,
				782FED7E26B5293E0072F193 /* Resources */,
			);
			buildRules = (
			);
			dependencies = (
			);
			name = CopperTest;
			productName = CopperTest;
			productReference = 782FED8026B5293E0072F193 /* CopperTest.app */;
			productType = "com.apple.product-type.application";
		};
		782FED9826B529400072F193 /* CopperTestTests */ = {
			isa = PBXNativeTarget;
			buildConfigurationList = 782FEDB026B529400072F193 /* Build configuration list for PBXNativeTarget "CopperTestTests" */;
			buildPhases = (
				782FED9526B529400072F193 /* Sources */,
				782FED9626B529400072F193 /* Frameworks */,
				782FED9726B529400072F193 /* Resources */,
			);
			buildRules = (
			);
			dependencies = (
				782FED9B26B529400072F193 /* PBXTargetDependency */,
			);
			name = CopperTestTests;
			productName = CopperTestTests;
			productReference = 782FED9926B529400072F193 /* CopperTestTests.xctest */;
			productType = "com.apple.product-type.bundle.unit-test";
		};
		782FEDA326B529400072F193 /* CopperTestUITests */ = {
			isa = PBXNativeTarget;
			buildConfigurationList = 782FEDB326B529400072F193 /* Build configuration list for PBXNativeTarget "CopperTestUITests" */;
			buildPhases = (
				782FEDA026B529400072F193 /* Sources */,
				782FEDA126B529400072F193 /* Frameworks */,
				782FEDA226B529400072F193 /* Resources */,
			);
			buildRules = (
			);
			dependencies = (
				782FEDA626B529400072F193 /* PBXTargetDependency */,
			);
			name = CopperTestUITests;
			productName = CopperTestUITests;
			productReference = 782FEDA426B529400072F193 /* CopperTestUITests.xctest */;
			productType = "com.apple.product-type.bundle.ui-testing";
		};
/* End PBXNativeTarget section */

/* Begin PBXProject section */
		782FED7826B5293E0072F193 /* Project object */ = {
			isa = PBXProject;
			attributes = {
				LastSwiftUpdateCheck = 1240;
				LastUpgradeCheck = 1240;
				TargetAttributes = {
					782FED7F26B5293E0072F193 = {
						CreatedOnToolsVersion = 12.4;
					};
					782FED9826B529400072F193 = {
						CreatedOnToolsVersion = 12.4;
						TestTargetID = 782FED7F26B5293E0072F193;
					};
					782FEDA326B529400072F193 = {
						CreatedOnToolsVersion = 12.4;
						TestTargetID = 782FED7F26B5293E0072F193;
					};
				};
			};
			buildConfigurationList = 782FED7B26B5293E0072F193 /* Build configuration list for PBXProject "CopperTest" */;
			compatibilityVersion = "Xcode 9.3";
			developmentRegion = en;
			hasScannedForEncodings = 0;
			knownRegions = (
				en,
				Base,
			);
			mainGroup = 782FED7726B5293E0072F193;
			productRefGroup = 782FED8126B5293E0072F193 /* Products */;
			projectDirPath = "";
			projectRoot = "";
			targets = (
				782FED7F26B5293E0072F193 /* CopperTest */,
				782FED9826B529400072F193 /* CopperTestTests */,
				782FEDA326B529400072F193 /* CopperTestUITests */,
			);
		};
/* End PBXProject section */

/* Begin PBXResourcesBuildPhase section */
		782FED7E26B5293E0072F193 /* Resources */ = {
			isa = PBXResourcesBuildPhase;
			buildActionMask = 2147483647;
			files = (
				782FED9326B5293F0072F193 /* LaunchScreen.storyboard in Resources */,
				782FED9026B5293F0072F193 /* Assets.xcassets in Resources */,
				782FED8B26B5293E0072F193 /* Main.storyboard in Resources */,
			);
			runOnlyForDeploymentPostprocessing = 0;
		};
		782FED9726B529400072F193 /* Resources */ = {
			isa = PBXResourcesBuildPhase;
			buildActionMask = 2147483647;
			files = (
			);
			runOnlyForDeploymentPostprocessing = 0;
		};
		782FEDA226B529400072F193 /* Resources */ = {
			isa = PBXResourcesBuildPhase;
			buildActionMask = 2147483647;
			files = (
			);
			runOnlyForDeploymentPostprocessing = 0;
		};
/* End PBXResourcesBuildPhase section */

/* Begin PBXSourcesBuildPhase section */
		782FED7C26B5293E0072F193 /* Sources */ = {
			isa = PBXSourcesBuildPhase;
			buildActionMask = 2147483647;
			files = (
				782FED8E26B5293E0072F193 /* CopperTest.xcdatamodeld in Sources */,
				782FED8826B5293E0072F193 /* ViewController.swift in Sources */,
				782FED8426B5293E0072F193 /* AppDelegate.swift in Sources */,
				782FED8626B5293E0072F193 /* SceneDelegate.swift in Sources */,
			);
			runOnlyForDeploymentPostprocessing = 0;
		};
		782FED9526B529400072F193 /* Sources */ = {
			isa = PBXSourcesBuildPhase;
			buildActionMask = 2147483647;
			files = (
				782FED9E26B529400072F193 /* CopperTestTests.swift in Sources */,
			);
			runOnlyForDeploymentPostprocessing = 0;
		};
		782FEDA026B529400072F193 /* Sources */ = {
			isa = PBXSourcesBuildPhase;
			buildActionMask = 2147483647;
			files = (
				782FEDA926B529400072F193 /* CopperTestUITests.swift in Sources */,
			);
			runOnlyForDeploymentPostprocessing = 0;
		};
/* End PBXSourcesBuildPhase section */

/* Begin PBXTargetDependency section */
		782FED9B26B529400072F193 /* PBXTargetDependency */ = {
			isa = PBXTargetDependency;
			target = 782FED7F26B5293E0072F193 /* CopperTest */;
			targetProxy = 782FED9A26B529400072F193 /* PBXContainerItemProxy */;
		};
		782FEDA626B529400072F193 /* PBXTargetDependency */ = {
			isa = PBXTargetDependency;
			target = 782FED7F26B5293E0072F193 /* CopperTest */;
			targetProxy = 782FEDA526B529400072F193 /* PBXContainerItemProxy */;
		};
/* End PBXTargetDependency section */

/* Begin PBXVariantGroup section */
		782FED8926B5293E0072F193 /* Main.storyboard */ = {
			isa = PBXVariantGroup;
			children = (
				782FED8A26B5293E0072F193 /* Base */,
			);
			name = Main.storyboard;
			sourceTree = "<group>";
		};
		782FED9126B5293F0072F193 /* LaunchScreen.storyboard */ = {
			isa = PBXVariantGroup;
			children = (
				782FED9226B5293F0072F193 /* Base */,
			);
			name = LaunchScreen.storyboard;
			sourceTree = "<group>";
		};
/* End PBXVariantGroup section */

/* Begin XCBuildConfiguration section */
		782FEDAB26B529400072F193 /* Debug */ = {
			isa = XCBuildConfiguration;
			buildSettings = {
				ALWAYS_SEARCH_USER_PATHS = NO;
				CLANG_ANALYZER_NONNULL = YES;
				CLANG_ANALYZER_NUMBER_OBJECT_CONVERSION = YES_AGGRESSIVE;
				CLANG_CXX_LANGUAGE_STANDARD = "gnu++14";
				CLANG_CXX_LIBRARY = "libc++";
				CLANG_ENABLE_MODULES = YES;
				CLANG_ENABLE_OBJC_ARC = YES;
				CLANG_ENABLE_OBJC_WEAK = YES;
				CLANG_WARN_BLOCK_CAPTURE_AUTORELEASING = YES;
				CLANG_WARN_BOOL_CONVERSION = YES;
				CLANG_WARN_COMMA = YES;
				CLANG_WARN_CONSTANT_CONVERSION = YES;
				CLANG_WARN_DEPRECATED_OBJC_IMPLEMENTATIONS = YES;
				CLANG_WARN_DIRECT_OBJC_ISA_USAGE = YES_ERROR;
				CLANG_WARN_DOCUMENTATION_COMMENTS = YES;
				CLANG_WARN_EMPTY_BODY = YES;
				CLANG_WARN_ENUM_CONVERSION = YES;
				CLANG_WARN_INFINITE_RECURSION = YES;
				CLANG_WARN_INT_CONVERSION = YES;
				CLANG_WARN_NON_LITERAL_NULL_CONVERSION = YES;
				CLANG_WARN_OBJC_IMPLICIT_RETAIN_SELF = YES;
				CLANG_WARN_OBJC_LITERAL_CONVERSION = YES;
				CLANG_WARN_OBJC_ROOT_CLASS = YES_ERROR;
				CLANG_WARN_QUOTED_INCLUDE_IN_FRAMEWORK_HEADER = YES;
				CLANG_WARN_RANGE_LOOP_ANALYSIS = YES;
				CLANG_WARN_STRICT_PROTOTYPES = YES;
				CLANG_WARN_SUSPICIOUS_MOVE = YES;
				CLANG_WARN_UNGUARDED_AVAILABILITY = YES_AGGRESSIVE;
				CLANG_WARN_UNREACHABLE_CODE = YES;
				CLANG_WARN__DUPLICATE_METHOD_MATCH = YES;
				COPY_PHASE_STRIP = NO;
				DEBUG_INFORMATION_FORMAT = dwarf;
				ENABLE_STRICT_OBJC_MSGSEND = YES;
				ENABLE_TESTABILITY = YES;
				GCC_C_LANGUAGE_STANDARD = gnu11;
				GCC_DYNAMIC_NO_PIC = NO;
				GCC_NO_COMMON_BLOCKS = YES;
				GCC_OPTIMIZATION_LEVEL = 0;
				GCC_PREPROCESSOR_DEFINITIONS = (
					"DEBUG=1",
					"$(inherited)",
				);
				GCC_WARN_64_TO_32_BIT_CONVERSION = YES;
				GCC_WARN_ABOUT_RETURN_TYPE = YES_ERROR;
				GCC_WARN_UNDECLARED_SELECTOR = YES;
				GCC_WARN_UNINITIALIZED_AUTOS = YES_AGGRESSIVE;
				GCC_WARN_UNUSED_FUNCTION = YES;
				GCC_WARN_UNUSED_VARIABLE = YES;
				IPHONEOS_DEPLOYMENT_TARGET = 14.4;
				MTL_ENABLE_DEBUG_INFO = INCLUDE_SOURCE;
				MTL_FAST_MATH = YES;
				ONLY_ACTIVE_ARCH = YES;
				SDKROOT = iphoneos;
				SWIFT_ACTIVE_COMPILATION_CONDITIONS = DEBUG;
				SWIFT_OPTIMIZATION_LEVEL = "-Onone";
			};
			name = Debug;
		};
		782FEDAC26B529400072F193 /* Release */ = {
			isa = XCBuildConfiguration;
			buildSettings = {
				ALWAYS_SEARCH_USER_PATHS = NO;
				CLANG_ANALYZER_NONNULL = YES;
				CLANG_ANALYZER_NUMBER_OBJECT_CONVERSION = YES_AGGRESSIVE;
				CLANG_CXX_LANGUAGE_STANDARD = "gnu++14";
				CLANG_CXX_LIBRARY = "libc++";
				CLANG_ENABLE_MODULES = YES;
				CLANG_ENABLE_OBJC_ARC = YES;
				CLANG_ENABLE_OBJC_WEAK = YES;
				CLANG_WARN_BLOCK_CAPTURE_AUTORELEASING = YES;
				CLANG_WARN_BOOL_CONVERSION = YES;
				CLANG_WARN_COMMA = YES;
				CLANG_WARN_CONSTANT_CONVERSION = YES;
				CLANG_WARN_DEPRECATED_OBJC_IMPLEMENTATIONS = YES;
				CLANG_WARN_DIRECT_OBJC_ISA_USAGE = YES_ERROR;
				CLANG_WARN_DOCUMENTATION_COMMENTS = YES;
				CLANG_WARN_EMPTY_BODY = YES;
				CLANG_WARN_ENUM_CONVERSION = YES;
				CLANG_WARN_INFINITE_RECURSION = YES;
				CLANG_WARN_INT_CONVERSION = YES;
				CLANG_WARN_NON_LITERAL_NULL_CONVERSION = YES;
				CLANG_WARN_OBJC_IMPLICIT_RETAIN_SELF = YES;
				CLANG_WARN_OBJC_LITERAL_CONVERSION = YES;
				CLANG_WARN_OBJC_ROOT_CLASS = YES_ERROR;
				CLANG_WARN_QUOTED_INCLUDE_IN_FRAMEWORK_HEADER = YES;
				CLANG_WARN_RANGE_LOOP_ANALYSIS = YES;
				CLANG_WARN_STRICT_PROTOTYPES = YES;
				CLANG_WARN_SUSPICIOUS_MOVE = YES;
				CLANG_WARN_UNGUARDED_AVAILABILITY = YES_AGGRESSIVE;
				CLANG_WARN_UNREACHABLE_CODE = YES;
				CLANG_WARN__DUPLICATE_METHOD_MATCH = YES;
				COPY_PHASE_STRIP = NO;
				DEBUG_INFORMATION_FORMAT = "dwarf-with-dsym";
				ENABLE_NS_ASSERTIONS = NO;
				ENABLE_STRICT_OBJC_MSGSEND = YES;
				GCC_C_LANGUAGE_STANDARD = gnu11;
				GCC_NO_COMMON_BLOCKS = YES;
				GCC_WARN_64_TO_32_BIT_CONVERSION = YES;
				GCC_WARN_ABOUT_RETURN_TYPE = YES_ERROR;
				GCC_WARN_UNDECLARED_SELECTOR = YES;
				GCC_WARN_UNINITIALIZED_AUTOS = YES_AGGRESSIVE;
				GCC_WARN_UNUSED_FUNCTION = YES;
				GCC_WARN_UNUSED_VARIABLE = YES;
				IPHONEOS_DEPLOYMENT_TARGET = 14.4;
				MTL_ENABLE_DEBUG_INFO = NO;
				MTL_FAST_MATH = YES;
				SDKROOT = iphoneos;
				SWIFT_COMPILATION_MODE = wholemodule;
				SWIFT_OPTIMIZATION_LEVEL = "-O";
				VALIDATE_PRODUCT = YES;
			};
			name = Release;
		};
		782FEDAE26B529400072F193 /* Debug */ = {
			isa = XCBuildConfiguration;
			buildSettings = {
				ASSETCATALOG_COMPILER_APPICON_NAME = AppIcon;
				ASSETCATALOG_COMPILER_GLOBAL_ACCENT_COLOR_NAME = AccentColor;
				CODE_SIGN_STYLE = Automatic;
				INFOPLIST_FILE = CopperTest/Info.plist;
				LD_RUNPATH_SEARCH_PATHS = (
					"$(inherited)",
					"@executable_path/Frameworks",
				);
				PRODUCT_BUNDLE_IDENTIFIER = com.idrive.CopperTest;
				PRODUCT_NAME = "$(TARGET_NAME)";
				SWIFT_VERSION = 5.0;
				TARGETED_DEVICE_FAMILY = "1,2";
			};
			name = Debug;
		};
		782FEDAF26B529400072F193 /* Release */ = {
			isa = XCBuildConfiguration;
			buildSettings = {
				ASSETCATALOG_COMPILER_APPICON_NAME = AppIcon;
				ASSETCATALOG_COMPILER_GLOBAL_ACCENT_COLOR_NAME = AccentColor;
				CODE_SIGN_STYLE = Automatic;
				INFOPLIST_FILE = CopperTest/Info.plist;
				LD_RUNPATH_SEARCH_PATHS = (
					"$(inherited)",
					"@executable_path/Frameworks",
				);
				PRODUCT_BUNDLE_IDENTIFIER = com.idrive.CopperTest;
				PRODUCT_NAME = "$(TARGET_NAME)";
				SWIFT_VERSION = 5.0;
				TARGETED_DEVICE_FAMILY = "1,2";
			};
			name = Release;
		};
		782FEDB126B529400072F193 /* Debug */ = {
			isa = XCBuildConfiguration;
			buildSettings = {
				ALWAYS_EMBED_SWIFT_STANDARD_LIBRARIES = YES;
				BUNDLE_LOADER = "$(TEST_HOST)";
				CODE_SIGN_STYLE = Automatic;
				INFOPLIST_FILE = CopperTestTests/Info.plist;
				IPHONEOS_DEPLOYMENT_TARGET = 14.4;
				LD_RUNPATH_SEARCH_PATHS = (
					"$(inherited)",
					"@executable_path/Frameworks",
					"@loader_path/Frameworks",
				);
				PRODUCT_BUNDLE_IDENTIFIER = com.idrive.CopperTestTests;
				PRODUCT_NAME = "$(TARGET_NAME)";
				SWIFT_VERSION = 5.0;
				TARGETED_DEVICE_FAMILY = "1,2";
				TEST_HOST = "$(BUILT_PRODUCTS_DIR)/CopperTest.app/CopperTest";
			};
			name = Debug;
		};
		782FEDB226B529400072F193 /* Release */ = {
			isa = XCBuildConfiguration;
			buildSettings = {
				ALWAYS_EMBED_SWIFT_STANDARD_LIBRARIES = YES;
				BUNDLE_LOADER = "$(TEST_HOST)";
				CODE_SIGN_STYLE = Automatic;
				INFOPLIST_FILE = CopperTestTests/Info.plist;
				IPHONEOS_DEPLOYMENT_TARGET = 14.4;
				LD_RUNPATH_SEARCH_PATHS = (
					"$(inherited)",
					"@executable_path/Frameworks",
					"@loader_path/Frameworks",
				);
				PRODUCT_BUNDLE_IDENTIFIER = com.idrive.CopperTestTests;
				PRODUCT_NAME = "$(TARGET_NAME)";
				SWIFT_VERSION = 5.0;
				TARGETED_DEVICE_FAMILY = "1,2";
				TEST_HOST = "$(BUILT_PRODUCTS_DIR)/CopperTest.app/CopperTest";
			};
			name = Release;
		};
		782FEDB426B529400072F193 /* Debug */ = {
			isa = XCBuildConfiguration;
			buildSettings = {
				ALWAYS_EMBED_SWIFT_STANDARD_LIBRARIES = YES;
				CODE_SIGN_STYLE = Automatic;
				INFOPLIST_FILE = CopperTestUITests/Info.plist;
				LD_RUNPATH_SEARCH_PATHS = (
					"$(inherited)",
					"@executable_path/Frameworks",
					"@loader_path/Frameworks",
				);
				PRODUCT_BUNDLE_IDENTIFIER = com.idrive.CopperTestUITests;
				PRODUCT_NAME = "$(TARGET_NAME)";
				SWIFT_VERSION = 5.0;
				TARGETED_DEVICE_FAMILY = "1,2";
				TEST_TARGET_NAME = CopperTest;
			};
			name = Debug;
		};
		782FEDB526B529400072F193 /* Release */ = {
			isa = XCBuildConfiguration;
			buildSettings = {
				ALWAYS_EMBED_SWIFT_STANDARD_LIBRARIES = YES;
				CODE_SIGN_STYLE = Automatic;
				INFOPLIST_FILE = CopperTestUITests/Info.plist;
				LD_RUNPATH_SEARCH_PATHS = (
					"$(inherited)",
					"@executable_path/Frameworks",
					"@loader_path/Frameworks",
				);
				PRODUCT_BUNDLE_IDENTIFIER = com.idrive.CopperTestUITests;
				PRODUCT_NAME = "$(TARGET_NAME)";
				SWIFT_VERSION = 5.0;
				TARGETED_DEVICE_FAMILY = "1,2";
				TEST_TARGET_NAME = CopperTest;
			};
			name = Release;
		};
/* End XCBuildConfiguration section */

/* Begin XCConfigurationList section */
		782FED7B26B5293E0072F193 /* Build configuration list for PBXProject "CopperTest" */ = {
			isa = XCConfigurationList;
			buildConfigurations = (
				782FEDAB26B529400072F193 /* Debug */,
				782FEDAC26B529400072F193 /* Release */,
			);
			defaultConfigurationIsVisible = 0;
			defaultConfigurationName = Release;
		};
		782FEDAD26B529400072F193 /* Build configuration list for PBXNativeTarget "CopperTest" */ = {
			isa = XCConfigurationList;
			buildConfigurations = (
				782FEDAE26B529400072F193 /* Debug */,
				782FEDAF26B529400072F193 /* Release */,
			);
			defaultConfigurationIsVisible = 0;
			defaultConfigurationName = Release;
		};
		782FEDB026B529400072F193 /* Build configuration list for PBXNativeTarget "CopperTestTests" */ = {
			isa = XCConfigurationList;
			buildConfigurations = (
				782FEDB126B529400072F193 /* Debug */,
				782FEDB226B529400072F193 /* Release */,
			);
			defaultConfigurationIsVisible = 0;
			defaultConfigurationName = Release;
		};
		782FEDB326B529400072F193 /* Build configuration list for PBXNativeTarget "CopperTestUITests" */ = {
			isa = XCConfigurationList;
			buildConfigurations = (
				782FEDB426B529400072F193 /* Debug */,
				782FEDB526B529400072F193 /* Release */,
			);
			defaultConfigurationIsVisible = 0;
			defaultConfigurationName = Release;
		};
/* End XCConfigurationList section */

/* Begin XCVersionGroup section */
		782FED8C26B5293E0072F193 /* CopperTest.xcdatamodeld */ = {
			isa = XCVersionGroup;
			children = (
				782FED8D26B5293E0072F193 /* CopperTest.xcdatamodel */,
			);
			currentVersion = 782FED8D26B5293E0072F193 /* CopperTest.xcdatamodel */;
			path = CopperTest.xcdatamodeld;
			sourceTree = "<group>";
			versionGroupType = wrapper.xcdatamodel;
		};
/* End XCVersionGroup section */
	};
	rootObject = 782FED7826B5293E0072F193 /* Project object */;
}
